
Microsoft Visual Studio Solution File, Format Version 12.00
# Visual Studio Version 16
VisualStudioVersion = 16.0.32126.315
MinimumVisualStudioVersion = 10.0.40219.1
Project("{FAE04EC0-301F-11D3-BF4B-00C04F79EFBC}") = "LiceNaPravoygylnik", "LiceNaPravoygylnik.csproj", "{0554842A-8969-49F5-A68E-B9C90AD865CF}"
EndProject
Global
	GlobalSection(SolutionConfigurationPlatforms) = preSolution
		Debug|Any CPU = Debug|Any CPU
		Release|Any CPU = Release|Any CPU
	EndGlobalSection
	GlobalSection(ProjectConfigurationPlatforms) = postSolution
		{0554842A-8969-49F5-A68E-B9C90AD865CF}.Debug|Any CPU.ActiveCfg = Debug|Any CPU
		{0554842A-8969-49F5-A68E-B9C90AD865CF}.Debug|Any CPU.Build.0 = Debug|Any CPU
		{0554842A-8969-49F5-A68E-B9C90AD865CF}.Release|Any CPU.ActiveCfg = Release|Any CPU
		{0554842A-8969-49F5-A68E-B9C90AD865CF}.Release|Any CPU.Build.0 = Release|Any CPU
	EndGlobalSection
	GlobalSection(SolutionProperties) = preSolution
		HideSolutionNode = FALSE
	EndGlobalSection
	GlobalSection(ExtensibilityGlobals) = postSolution
		SolutionGuid = {7E716FAC-C8D7-4F9E-BE6E-D34058216B40}
	EndGlobalSection
EndGlobal
